{
    "_meta": {
        "hash": {
            "sha256": "70e9df5f5ec083e69a1ba4772f1ddfd528a67b554c0f9b683ff97dbe28e65b05"
        },
        "pipfile-spec": 6,
        "requires": {
            "python_version": "3.8"
        },
        "sources": [
            {
                "name": "pypi",
                "url": "https://pypi.org/simple",
                "verify_ssl": true
            }
        ]
    },
    "default": {
        "attrs": {
            "hashes": [
                "sha256:31b2eced602aa8423c2aea9c76a724617ed67cf9513173fd3a4f03e3a929c7e6",
                "sha256:832aa3cde19744e49938b91fea06d69ecb9e649c93ba974535d08ad92164f700"
            ],
            "markers": "python_version >= '2.7' and python_version not in '3.0, 3.1, 3.2, 3.3'",
            "version": "==20.3.0"
        },
        "cftime": {
            "hashes": [
                "sha256:02d92ac0b6aa70ce271b6ca0130c7198f300f8a2e139467dd99d4ef8d26db8ae",
                "sha256:0aecaac6c4003510fce664ec623d21dcba6b992387aa47d55e7d7b01142861fd",
                "sha256:0c268490a01687eb91c20cb8c8085ec58934c6928a911150509ab821da55a880",
                "sha256:0f8bb8ec79260fdcde3cb16e52db8cfcea6732a38f364d147b2935f5988f36aa",
                "sha256:1728a812a8ab541af40a9587d2477fea4f5ea2a50b45f9a959ae075b7c610b48",
                "sha256:20fb70d9729cb4abf986e7e7aba7322d0f0914c5cc8a43668f40e1301cd04637",
                "sha256:23cc2db9d39e105fcdd52545c95af1e25bf0cd64e4c7400940b548a043ee8efd",
                "sha256:3ea04c0571d4ee496b96fbf6a59417c0e688934c583c229aa9dbd086aa6b2b18",
                "sha256:45d0a9b6058969b83b4d197539d0d8d0df83bf18f6b1915e340772da94d31f27",
                "sha256:4869bdd313baee8b0446a93a63403d96eeaf6fdf708133d31d526ad3a4bf6f16",
                "sha256:4a59dfc73ab57b33f472ee7876d0c03fbfd34c96987fe766476b1308172fa36e",
                "sha256:4d7fff2e6f4d0747dac85ee3816234179f4f8cd74848a20e0c8b2bee3186c86f",
                "sha256:522346b17b06079030794c9adc8b4dc95d531e70a738b49df1dad6e53f8424fd",
                "sha256:5683722857ac59344d66bffbf5f084d2e4463714a8fb8ce16187f5c3c7053b0b",
                "sha256:58c83281bb85946f730dfd918feab2779f73fe1b0699ddb877625235b9359768",
                "sha256:68f9ee1a04d3cf660ac0bbd8a3f2b79832f4bd2a546932eb8fae5aadde40122f",
                "sha256:7468505772fae6ae3936a01cdd1e5d7547c0f58f33c860510d4f68de4d0b6971",
                "sha256:77fd86e69b234d41fa8634d627e9e9ee0501c2a8a95268c2b524d38e0a33f090",
                "sha256:83e55ba95a2e6adf943d8c5acf089b8c86235a166bae241459b557b63c0671b5",
                "sha256:851255aab314f4c01029b53449132bd2696a43dd1b461d658a2b8d42384395cc",
                "sha256:8932444490eb68516e989d40fd5cf3f654bfaafb36f9cabe24a12a605438d511",
                "sha256:8fffc1e41c14ab8bd09efb1ab148b3286bf58ad9259bf79670f8fb23cd381ed6",
                "sha256:9c56bf48c96210c1356cc4c38c0ab2ae0d1e7740a0cb38d8519de8e11bb1ccb5",
                "sha256:9cd65e29dae0e9e86fa58a34502aa732475aa40618fefe349dc59187f5065283",
                "sha256:a29d8f1f19e8c14e81f71058dad5a86cdda4625ad7d9652a023299d4363b23f7",
                "sha256:a5ff1d72995f6ec86b0cfdd82a5e1d7bfe22ad5a67942020396d8298df9f8c25",
                "sha256:b9a11d56862c2b5017a35b3645c322ee7afe6e743009c3240bab1f9056c423fd",
                "sha256:c8812d52c15c9e055c114574075c1f238d76331cf30bc6cae0008617cb0608a0",
                "sha256:db3254a7adb6bae3142ade6db4495a6db4d3676df33d2e223f744509e651ee9d",
                "sha256:ead5ea211d89bef05763956b54d7a963ddf8c23a1b082f72095df53619bd4a43",
                "sha256:f25112b60176b4ef3b5320fe754cde9438f7bbc51d429e8418a68b9ce530228a",
                "sha256:f7a355486c228eaeab4be897bd8efc97fdb424ae2998eee52b1f3613dc153bbf"
            ],
            "version": "==1.3.1"
        },
        "dask": {
            "extras": [
                "array"
            ],
            "hashes": [
                "sha256:c5afb690306ce80ba6c57f0b5bc8c44c2bcebffd0cc6b7471ba352e77e90045d",
                "sha256:cd98d44bc01071b5ee30262a5bcf40cd55d75df58c36bab79778d7c248b5ce16"
            ],
            "index": "pypi",
            "version": "==2021.1.1"
        },
        "f90nml": {
            "hashes": [
                "sha256:07fbb9101f218ce89ccc34264ec81116edc9ed0ab69ad1cd8316f19ea694cd2e"
            ],
            "index": "pypi",
            "version": "==1.2"
        },
        "iniconfig": {
            "hashes": [
                "sha256:011e24c64b7f47f6ebd835bb12a743f2fbe9a26d4cecaa7f53bc4f35ee9da8b3",
                "sha256:bc3af051d7d14b2ee5ef9969666def0cd1a000e121eaea580d4a313df4b37f32"
            ],
            "version": "==1.1.1"
        },
        "netcdf4": {
            "hashes": [
                "sha256:0f52b40a5001f8090dcc76bc0bd854ff26e81c1671f55b1624468c5563b84700",
                "sha256:29d829b05b010ded1825c8745d4eeb5190fa928b87f5e9edf06a51eb0834fb40",
                "sha256:31d23ba63b588aee31e90b09bd5c1fd7884ad1437dc0436e46e2f25839b67f68",
                "sha256:3b9ccfb9400c201e51b9f003600bf5eec96455e7238bac94cc2403247b101e50",
                "sha256:43f2ef8531ae55dcd0f4352609afadaf55f48bef897448ffabd6848f9e630e45",
                "sha256:4a653cac1110199859ecc8b2a3ab3e1679fcbf1465f4089a8c8f68b190453aca",
                "sha256:4b619f1b91afc4b973fd68f828e61da5b552a3da0d5132f67e1b340d716fed6b",
                "sha256:50b5466c08c7f4be82241d654d9a86e373d487f080d05fb74a7eca00357e7204",
                "sha256:57795a70d9bbfbaf9a7e48bc944c75f43a12e10994b4805f178c0c4fae21223e",
                "sha256:5f6b2e75b330aedd3fedcb3ba03d84ce755379cdf81bce36d630bf732f80a5cd",
                "sha256:6018d9a0c451b8271d85f5d9cbae22a8ff7d74277a451b9423d9d14c6e673a22",
                "sha256:6e671b35ce871ce3fd86a55b7cf2ae0194521cf985edeb977fb9fe8e72a6c1de",
                "sha256:70adfb91dd3befd3ba7b4ead1f257015769ae4662cc36372005988e22fc7a2d2",
                "sha256:72dbe967cbbfc67b45145615b79fac1d542200cf750e461d23e1e9b214e51a9a",
                "sha256:7901a8d7561cf179a8c839e0ff346a918ff62fd3c66d079426fe38fde74e4ca0",
                "sha256:83c6ffc8cb05062974437b39c51054e31f27dcf0722716575b320aaed4e33a7f",
                "sha256:897f818bfb4f63af69a61f90841495851e8cebce88aaaf2673e6225d19e1c268",
                "sha256:8dcc478dae0d3f4e5c927cfd5bc0676d4e1d105a07a9b2499a9c099be4e31f8e",
                "sha256:9c4a91f4a4da3f8e315b7a0acdd5544f150a79a49d46b7b6cc4b037514527987",
                "sha256:ae187fa3a6e31293923004253733798ab6ec0e4a9dbaea284ba372367b8e4d38",
                "sha256:b05b65fa8dfb9e83d4ea4b4547e85ae03c8a9709b941355a00c05f5cef88cd62",
                "sha256:b2404230cf97cf99b43ee76566da785ad59e21405febb1a2902268065da54dd5",
                "sha256:c0efca35106414885872f932db99af37bf5a85283fd66b9f9f0925f32ca22c62",
                "sha256:ce784b0f529d816590ae2b787780f27f8420411e7b5374a10390ea451f69bd61",
                "sha256:d2cd9ff96cb854bb3b38c54216a6ed2684107b9c18b17fc153514965ceb3d154",
                "sha256:d345ec5c185de4dceddbe47b944de2c5521a4bc80230f34d1d6c92817d6b6c2b",
                "sha256:d6cfcac6a776629a0932b6ab93e7c49f48d4cba8e71e584ae3e359fb18cc40ba",
                "sha256:d957e55a667d1fc651ddef22fea10ded0f142b7d9dbbf4d08c0012d32f445abd",
                "sha256:eb3d4ab88459eccde69868b812a7c5e503665e65449cf6d2a8f5f47fa4dafb22",
                "sha256:f1536837acfd560c3aa0b499b297c92a8c8449b2ffb915c828beaedb4df5cf68",
                "sha256:f632cd94636731347e9d61f0117204f9ab1f6f9994897564ab115fc5a7cd9781",
                "sha256:fc750266caf867ee87aa8da95308887d201b5f74b7fb48fc49694943d7747649"
            ],
            "index": "pypi",
            "version": "==1.5.5.1"
        },
        "numpy": {
            "hashes": [
                "sha256:012426a41bc9ab63bb158635aecccc7610e3eff5d31d1eb43bc099debc979d94",
                "sha256:06fab248a088e439402141ea04f0fffb203723148f6ee791e9c75b3e9e82f080",
                "sha256:0eef32ca3132a48e43f6a0f5a82cb508f22ce5a3d6f67a8329c81c8e226d3f6e",
                "sha256:1ded4fce9cfaaf24e7a0ab51b7a87be9038ea1ace7f34b841fe3b6894c721d1c",
                "sha256:2e55195bc1c6b705bfd8ad6f288b38b11b1af32f3c8289d6c50d47f950c12e76",
                "sha256:2ea52bd92ab9f768cc64a4c3ef8f4b2580a17af0a5436f6126b08efbd1838371",
                "sha256:36674959eed6957e61f11c912f71e78857a8d0604171dfd9ce9ad5cbf41c511c",
                "sha256:384ec0463d1c2671170901994aeb6dce126de0a95ccc3976c43b0038a37329c2",
                "sha256:39b70c19ec771805081578cc936bbe95336798b7edf4732ed102e7a43ec5c07a",
                "sha256:400580cbd3cff6ffa6293df2278c75aef2d58d8d93d3c5614cd67981dae68ceb",
                "sha256:43d4c81d5ffdff6bae58d66a3cd7f54a7acd9a0e7b18d97abb255defc09e3140",
                "sha256:50a4a0ad0111cc1b71fa32dedd05fa239f7fb5a43a40663269bb5dc7877cfd28",
                "sha256:603aa0706be710eea8884af807b1b3bc9fb2e49b9f4da439e76000f3b3c6ff0f",
                "sha256:6149a185cece5ee78d1d196938b2a8f9d09f5a5ebfbba66969302a778d5ddd1d",
                "sha256:759e4095edc3c1b3ac031f34d9459fa781777a93ccc633a472a5468587a190ff",
                "sha256:7fb43004bce0ca31d8f13a6eb5e943fa73371381e53f7074ed21a4cb786c32f8",
                "sha256:811daee36a58dc79cf3d8bdd4a490e4277d0e4b7d103a001a4e73ddb48e7e6aa",
                "sha256:8b5e972b43c8fc27d56550b4120fe6257fdc15f9301914380b27f74856299fea",
                "sha256:99abf4f353c3d1a0c7a5f27699482c987cf663b1eac20db59b8c7b061eabd7fc",
                "sha256:a0d53e51a6cb6f0d9082decb7a4cb6dfb33055308c4c44f53103c073f649af73",
                "sha256:a12ff4c8ddfee61f90a1633a4c4afd3f7bcb32b11c52026c92a12e1325922d0d",
                "sha256:a4646724fba402aa7504cd48b4b50e783296b5e10a524c7a6da62e4a8ac9698d",
                "sha256:a76f502430dd98d7546e1ea2250a7360c065a5fdea52b2dffe8ae7180909b6f4",
                "sha256:a9d17f2be3b427fbb2bce61e596cf555d6f8a56c222bd2ca148baeeb5e5c783c",
                "sha256:ab83f24d5c52d60dbc8cd0528759532736b56db58adaa7b5f1f76ad551416a1e",
                "sha256:aeb9ed923be74e659984e321f609b9ba54a48354bfd168d21a2b072ed1e833ea",
                "sha256:c843b3f50d1ab7361ca4f0b3639bf691569493a56808a0b0c54a051d260b7dbd",
                "sha256:cae865b1cae1ec2663d8ea56ef6ff185bad091a5e33ebbadd98de2cfa3fa668f",
                "sha256:cc6bd4fd593cb261332568485e20a0712883cf631f6f5e8e86a52caa8b2b50ff",
                "sha256:cf2402002d3d9f91c8b01e66fbb436a4ed01c6498fffed0e4c7566da1d40ee1e",
                "sha256:d051ec1c64b85ecc69531e1137bb9751c6830772ee5c1c426dbcfe98ef5788d7",
                "sha256:d6631f2e867676b13026e2846180e2c13c1e11289d67da08d71cacb2cd93d4aa",
                "sha256:dbd18bcf4889b720ba13a27ec2f2aac1981bd41203b3a3b27ba7a33f88ae4827",
                "sha256:df609c82f18c5b9f6cb97271f03315ff0dbe481a2a02e56aeb1b1a985ce38e60"
            ],
            "version": "==1.19.5"
        },
        "packaging": {
            "hashes": [
                "sha256:24e0da08660a87484d1602c30bb4902d74816b6985b93de36926f5bc95741858",
                "sha256:78598185a7008a470d64526a8059de9aaa449238f280fc9eb6b13ba6c4109093"
            ],
            "markers": "python_version >= '2.7' and python_version not in '3.0, 3.1, 3.2, 3.3'",
            "version": "==20.8"
        },
        "pandas": {
            "hashes": [
                "sha256:050ed2c9d825ef36738e018454e6d055c63d947c1d52010fbadd7584f09df5db",
                "sha256:055647e7f4c5e66ba92c2a7dcae6c2c57898b605a3fb007745df61cc4015937f",
                "sha256:23ac77a3a222d9304cb2a7934bb7b4805ff43d513add7a42d1a22dc7df14edd2",
                "sha256:2de012a36cc507debd9c3351b4d757f828d5a784a5fc4e6766eafc2b56e4b0f5",
                "sha256:30e9e8bc8c5c17c03d943e8d6f778313efff59e413b8dbdd8214c2ed9aa165f6",
                "sha256:324e60bea729cf3b55c1bf9e88fe8b9932c26f8669d13b928e3c96b3a1453dff",
                "sha256:37443199f451f8badfe0add666e43cdb817c59fa36bceedafd9c543a42f236ca",
                "sha256:47ec0808a8357ab3890ce0eca39a63f79dcf941e2e7f494470fe1c9ec43f6091",
                "sha256:496fcc29321e9a804d56d5aa5d7ec1320edfd1898eee2f451aa70171cf1d5a29",
                "sha256:50e6c0a17ef7f831b5565fd0394dbf9bfd5d615ee4dd4bb60a3d8c9d2e872323",
                "sha256:5527c5475d955c0bc9689c56865aaa2a7b13c504d6c44f0aadbf57b565af5ebd",
                "sha256:57d5c7ac62925a8d2ab43ea442b297a56cc8452015e71e24f4aa7e4ed6be3d77",
                "sha256:9d45f58b03af1fea4b48e44aa38a819a33dccb9821ef9e1d68f529995f8a632f",
                "sha256:b26e2dabda73d347c7af3e6fed58483161c7b87a886a4e06d76ccfe55a044aa9",
                "sha256:cfd237865d878da9b65cfee883da5e0067f5e2ff839e459466fb90565a77bda3",
                "sha256:d7cca42dba13bfee369e2944ae31f6549a55831cba3117e17636955176004088",
                "sha256:fe7de6fed43e7d086e3d947651ec89e55ddf00102f9dd5758763d56d182f0564"
            ],
            "markers": "python_full_version >= '3.7.1'",
            "version": "==1.2.1"
        },
        "pluggy": {
            "hashes": [
                "sha256:15b2acde666561e1298d71b523007ed7364de07029219b604cf808bfa1c765b0",
                "sha256:966c145cd83c96502c3c3868f50408687b38434af77734af1e9ca461a4081d2d"
            ],
            "markers": "python_version >= '2.7' and python_version not in '3.0, 3.1, 3.2, 3.3'",
            "version": "==0.13.1"
        },
        "py": {
            "hashes": [
                "sha256:21b81bda15b66ef5e1a777a21c4dcd9c20ad3efd0b3f817e7a809035269e1bd3",
                "sha256:3b80836aa6d1feeaa108e046da6423ab8f6ceda6468545ae8d02d9d58d18818a"
            ],
            "markers": "python_version >= '2.7' and python_version not in '3.0, 3.1, 3.2, 3.3'",
            "version": "==1.10.0"
        },
        "pyparsing": {
            "hashes": [
                "sha256:c203ec8783bf771a155b207279b9bccb8dea02d8f0c9e5f8ead507bc3246ecc1",
                "sha256:ef9d7589ef3c200abe66653d3f1ab1033c3c419ae9b9bdb1240a85b024efc88b"
            ],
            "markers": "python_version >= '2.6' and python_version not in '3.0, 3.1, 3.2, 3.3'",
            "version": "==2.4.7"
        },
        "pytest": {
            "hashes": [
                "sha256:9d1edf9e7d0b84d72ea3dbcdfd22b35fb543a5e8f2a60092dd578936bf63d7f9",
                "sha256:b574b57423e818210672e07ca1fa90aaf194a4f63f3ab909a2c67ebb22913839"
            ],
            "index": "pypi",
            "version": "==6.2.2"
        },
        "python-dateutil": {
            "hashes": [
                "sha256:73ebfe9dbf22e832286dafa60473e4cd239f8592f699aa5adaf10050e6e1823c",
                "sha256:75bb3f31ea686f1197762692a9ee6a7550b59fc6ca3a1f4b5d7e32fb98e2da2a"
            ],
            "markers": "python_version >= '2.7' and python_version not in '3.0, 3.1, 3.2, 3.3'",
            "version": "==2.8.1"
        },
        "pytz": {
            "hashes": [
                "sha256:16962c5fb8db4a8f63a26646d8886e9d769b6c511543557bc84e9569fb9a9cb4",
                "sha256:180befebb1927b16f6b57101720075a984c019ac16b1b7575673bea42c6c3da5"
            ],
            "version": "==2020.5"
        },
        "pyyaml": {
            "hashes": [
                "sha256:08682f6b72c722394747bddaf0aa62277e02557c0fd1c42cb853016a38f8dedf",
                "sha256:0f5f5786c0e09baddcd8b4b45f20a7b5d61a7e7e99846e3c799b05c7c53fa696",
                "sha256:129def1b7c1bf22faffd67b8f3724645203b79d8f4cc81f674654d9902cb4393",
                "sha256:294db365efa064d00b8d1ef65d8ea2c3426ac366c0c4368d930bf1c5fb497f77",
                "sha256:3b2b1824fe7112845700f815ff6a489360226a5609b96ec2190a45e62a9fc922",
                "sha256:3bd0e463264cf257d1ffd2e40223b197271046d09dadf73a0fe82b9c1fc385a5",
                "sha256:4465124ef1b18d9ace298060f4eccc64b0850899ac4ac53294547536533800c8",
                "sha256:49d4cdd9065b9b6e206d0595fee27a96b5dd22618e7520c33204a4a3239d5b10",
                "sha256:4e0583d24c881e14342eaf4ec5fbc97f934b999a6828693a99157fde912540cc",
                "sha256:5accb17103e43963b80e6f837831f38d314a0495500067cb25afab2e8d7a4018",
                "sha256:607774cbba28732bfa802b54baa7484215f530991055bb562efbed5b2f20a45e",
                "sha256:6c78645d400265a062508ae399b60b8c167bf003db364ecb26dcab2bda048253",
                "sha256:74c1485f7707cf707a7aef42ef6322b8f97921bd89be2ab6317fd782c2d53183",
                "sha256:8c1be557ee92a20f184922c7b6424e8ab6691788e6d86137c5d93c1a6ec1b8fb",
                "sha256:bb4191dfc9306777bc594117aee052446b3fa88737cd13b7188d0e7aa8162185",
                "sha256:c20cfa2d49991c8b4147af39859b167664f2ad4561704ee74c1de03318e898db",
                "sha256:d2d9808ea7b4af864f35ea216be506ecec180628aced0704e34aca0b040ffe46",
                "sha256:dd5de0646207f053eb0d6c74ae45ba98c3395a571a2891858e87df7c9b9bd51b",
                "sha256:e1d4970ea66be07ae37a3c2e48b5ec63f7ba6804bdddfdbd3cfd954d25a82e63",
                "sha256:e4fac90784481d221a8e4b1162afa7c47ed953be40d31ab4629ae917510051df",
                "sha256:fa5ae20527d8e831e8230cbffd9f8fe952815b2b7dae6ffec25318803a7528fc"
            ],
            "markers": "python_version >= '2.7' and python_version not in '3.0, 3.1, 3.2, 3.3, 3.4, 3.5'",
            "version": "==5.4.1"
        },
        "six": {
            "hashes": [
                "sha256:30639c035cdb23534cd4aa2dd52c3bf48f06e5f4a941509c8bafd8ce11080259",
                "sha256:8b74bedcbbbaca38ff6d7491d76f2b06b3592611af620f8426e82dddb04a5ced"
            ],
            "markers": "python_version >= '2.7' and python_version not in '3.0, 3.1, 3.2, 3.3'",
            "version": "==1.15.0"
        },
        "toml": {
            "hashes": [
                "sha256:806143ae5bfb6a3c6e736a764057db0e6a0e05e338b5630894a5f779cabb4f9b",
                "sha256:b3bda1d108d5dd99f4a20d24d9c348e91c4db7ab1b749200bded2f839ccbe68f"
            ],
            "markers": "python_version >= '2.6' and python_version not in '3.0, 3.1, 3.2, 3.3'",
            "version": "==0.10.2"
        },
        "toolz": {
            "hashes": [
                "sha256:1bc473acbf1a1db4e72a1ce587be347450e8f08324908b8a266b486f408f04d5",
                "sha256:c7a47921f07822fe534fb1c01c9931ab335a4390c782bd28c6bcc7c2f71f3fbf"
            ],
            "version": "==0.11.1"
        },
        "xarray": {
            "hashes": [
                "sha256:38e8439d6c91bcd5b7c0fca349daf8e0643ac68850c987262d53526e9d7d01e4",
                "sha256:88d0f80145999443730f87c7575e426d377f0b62677d915f21059cc364b4a1e1"
            ],
            "index": "pypi",
            "version": "==0.16.2"
        },
        "xnemogcm": {
            "path": ".",
            "version": "==0.1.2"
        }
    },
    "develop": {}
}
